// !$*UTF8*$!
{
	archiveVersion = 1;
	classes = {
	};
	objectVersion = 50;
	objects = {

/* Begin PBXBuildFile section */
		AC0D6119241652F000DFE069 /* AppDelegate.swift in Sources */ = {isa = PBXBuildFile; fileRef = AC0D6118241652F000DFE069 /* AppDelegate.swift */; };
		AC0D611B241652F000DFE069 /* SceneDelegate.swift in Sources */ = {isa = PBXBuildFile; fileRef = AC0D611A241652F000DFE069 /* SceneDelegate.swift */; };
		AC0D6122241652F200DFE069 /* Assets.xcassets in Resources */ = {isa = PBXBuildFile; fileRef = AC0D6121241652F200DFE069 /* Assets.xcassets */; };
		AC0D6125241652F200DFE069 /* LaunchScreen.storyboard in Resources */ = {isa = PBXBuildFile; fileRef = AC0D6123241652F200DFE069 /* LaunchScreen.storyboard */; };
		AC0D6130241654F900DFE069 /* Main.storyboard in Resources */ = {isa = PBXBuildFile; fileRef = AC0D612F241654F900DFE069 /* Main.storyboard */; };
		AC0D61342416553400DFE069 /* OrdersList.storyboard in Resources */ = {isa = PBXBuildFile; fileRef = AC0D61332416553400DFE069 /* OrdersList.storyboard */; };
		AC0D61362416554700DFE069 /* OrdersListVC.swift in Sources */ = {isa = PBXBuildFile; fileRef = AC0D61352416554700DFE069 /* OrdersListVC.swift */; };
		AC0D6138241677E400DFE069 /* OrdersListOrderCell.swift in Sources */ = {isa = PBXBuildFile; fileRef = AC0D6137241677E400DFE069 /* OrdersListOrderCell.swift */; };
		AC0D613A2416780A00DFE069 /* OrdersListTableview.swift in Sources */ = {isa = PBXBuildFile; fileRef = AC0D61392416780A00DFE069 /* OrdersListTableview.swift */; };
		AC0D613D2416789500DFE069 /* Order.swift in Sources */ = {isa = PBXBuildFile; fileRef = AC0D613C2416789500DFE069 /* Order.swift */; };
		AC0D614024167E5900DFE069 /* IntExtensions.swift in Sources */ = {isa = PBXBuildFile; fileRef = AC0D613F24167E5900DFE069 /* IntExtensions.swift */; };
/* End PBXBuildFile section */

/* Begin PBXFileReference section */
		AC0D6115241652F000DFE069 /* HookahManager.app */ = {isa = PBXFileReference; explicitFileType = wrapper.application; includeInIndex = 0; path = HookahManager.app; sourceTree = BUILT_PRODUCTS_DIR; };
		AC0D6118241652F000DFE069 /* AppDelegate.swift */ = {isa = PBXFileReference; lastKnownFileType = sourcecode.swift; path = AppDelegate.swift; sourceTree = "<group>"; };
		AC0D611A241652F000DFE069 /* SceneDelegate.swift */ = {isa = PBXFileReference; lastKnownFileType = sourcecode.swift; path = SceneDelegate.swift; sourceTree = "<group>"; };
		AC0D6121241652F200DFE069 /* Assets.xcassets */ = {isa = PBXFileReference; lastKnownFileType = folder.assetcatalog; path = Assets.xcassets; sourceTree = "<group>"; };
		AC0D6126241652F200DFE069 /* Info.plist */ = {isa = PBXFileReference; lastKnownFileType = text.plist.xml; path = Info.plist; sourceTree = "<group>"; };
		AC0D612F241654F900DFE069 /* Main.storyboard */ = {isa = PBXFileReference; lastKnownFileType = file.storyboard; path = Main.storyboard; sourceTree = "<group>"; };
		AC0D61332416553400DFE069 /* OrdersList.storyboard */ = {isa = PBXFileReference; lastKnownFileType = file.storyboard; path = OrdersList.storyboard; sourceTree = "<group>"; };
		AC0D61352416554700DFE069 /* OrdersListVC.swift */ = {isa = PBXFileReference; lastKnownFileType = sourcecode.swift; path = OrdersListVC.swift; sourceTree = "<group>"; };
		AC0D6137241677E400DFE069 /* OrdersListOrderCell.swift */ = {isa = PBXFileReference; lastKnownFileType = sourcecode.swift; path = OrdersListOrderCell.swift; sourceTree = "<group>"; };
		AC0D61392416780A00DFE069 /* OrdersListTableview.swift */ = {isa = PBXFileReference; lastKnownFileType = sourcecode.swift; path = OrdersListTableview.swift; sourceTree = "<group>"; };
		AC0D613C2416789500DFE069 /* Order.swift */ = {isa = PBXFileReference; lastKnownFileType = sourcecode.swift; path = Order.swift; sourceTree = "<group>"; };
		AC0D613F24167E5900DFE069 /* IntExtensions.swift */ = {isa = PBXFileReference; lastKnownFileType = sourcecode.swift; path = IntExtensions.swift; sourceTree = "<group>"; };
		AC0D61412416886600DFE069 /* ru */ = {isa = PBXFileReference; lastKnownFileType = text.plist.strings; name = ru; path = ru.lproj/LaunchScreen.strings; sourceTree = "<group>"; };
		AC0D61422416887600DFE069 /* ru */ = {isa = PBXFileReference; lastKnownFileType = file.storyboard; name = ru; path = ru.lproj/LaunchScreen.storyboard; sourceTree = "<group>"; };
/* End PBXFileReference section */

/* Begin PBXFrameworksBuildPhase section */
		AC0D6112241652F000DFE069 /* Frameworks */ = {
			isa = PBXFrameworksBuildPhase;
			buildActionMask = 2147483647;
			files = (
			);
			runOnlyForDeploymentPostprocessing = 0;
		};
/* End PBXFrameworksBuildPhase section */

/* Begin PBXGroup section */
		AC0D610C241652F000DFE069 = {
			isa = PBXGroup;
			children = (
				AC0D6117241652F000DFE069 /* HookahManager */,
				AC0D6116241652F000DFE069 /* Products */,
			);
			sourceTree = "<group>";
		};
		AC0D6116241652F000DFE069 /* Products */ = {
			isa = PBXGroup;
			children = (
				AC0D6115241652F000DFE069 /* HookahManager.app */,
			);
			name = Products;
			sourceTree = "<group>";
		};
		AC0D6117241652F000DFE069 /* HookahManager */ = {
			isa = PBXGroup;
			children = (
				AC0D613E24167E2600DFE069 /* Extensions */,
				AC0D61312416551200DFE069 /* OrdersList */,
				AC0D612D241654D000DFE069 /* Main */,
				AC0D612C241654BB00DFE069 /* SupportingFiles */,
				AC0D6126241652F200DFE069 /* Info.plist */,
			);
			path = HookahManager;
			sourceTree = "<group>";
		};
		AC0D612C241654BB00DFE069 /* SupportingFiles */ = {
			isa = PBXGroup;
			children = (
				AC0D6118241652F000DFE069 /* AppDelegate.swift */,
				AC0D611A241652F000DFE069 /* SceneDelegate.swift */,
				AC0D6121241652F200DFE069 /* Assets.xcassets */,
				AC0D6123241652F200DFE069 /* LaunchScreen.storyboard */,
			);
			path = SupportingFiles;
			sourceTree = "<group>";
		};
		AC0D612D241654D000DFE069 /* Main */ = {
			isa = PBXGroup;
			children = (
				AC0D612E241654E100DFE069 /* View+Controller */,
			);
			path = Main;
			sourceTree = "<group>";
		};
		AC0D612E241654E100DFE069 /* View+Controller */ = {
			isa = PBXGroup;
			children = (
				AC0D612F241654F900DFE069 /* Main.storyboard */,
			);
			path = "View+Controller";
			sourceTree = "<group>";
		};
		AC0D61312416551200DFE069 /* OrdersList */ = {
			isa = PBXGroup;
			children = (
				AC0D613B2416788000DFE069 /* Entities */,
				AC0D61322416551D00DFE069 /* View+Controller */,
			);
			path = OrdersList;
			sourceTree = "<group>";
		};
		AC0D61322416551D00DFE069 /* View+Controller */ = {
			isa = PBXGroup;
			children = (
				AC0D61332416553400DFE069 /* OrdersList.storyboard */,
				AC0D61352416554700DFE069 /* OrdersListVC.swift */,
				AC0D61392416780A00DFE069 /* OrdersListTableview.swift */,
				AC0D6137241677E400DFE069 /* OrdersListOrderCell.swift */,
			);
			path = "View+Controller";
			sourceTree = "<group>";
		};
		AC0D613B2416788000DFE069 /* Entities */ = {
			isa = PBXGroup;
			children = (
				AC0D613C2416789500DFE069 /* Order.swift */,
			);
			path = Entities;
			sourceTree = "<group>";
		};
		AC0D613E24167E2600DFE069 /* Extensions */ = {
			isa = PBXGroup;
			children = (
				AC0D613F24167E5900DFE069 /* IntExtensions.swift */,
			);
			path = Extensions;
			sourceTree = "<group>";
		};
/* End PBXGroup section */

/* Begin PBXNativeTarget section */
		AC0D6114241652F000DFE069 /* HookahManager */ = {
			isa = PBXNativeTarget;
			buildConfigurationList = AC0D6129241652F200DFE069 /* Build configuration list for PBXNativeTarget "HookahManager" */;
			buildPhases = (
				AC0D6111241652F000DFE069 /* Sources */,
				AC0D6112241652F000DFE069 /* Frameworks */,
				AC0D6113241652F000DFE069 /* Resources */,
			);
			buildRules = (
			);
			dependencies = (
			);
			name = HookahManager;
			productName = HookahManager;
			productReference = AC0D6115241652F000DFE069 /* HookahManager.app */;
			productType = "com.apple.product-type.application";
		};
/* End PBXNativeTarget section */

/* Begin PBXProject section */
		AC0D610D241652F000DFE069 /* Project object */ = {
			isa = PBXProject;
			attributes = {
				LastSwiftUpdateCheck = 1130;
				LastUpgradeCheck = 1130;
				ORGANIZATIONNAME = "Ацамаз Бицоев";
				TargetAttributes = {
					AC0D6114241652F000DFE069 = {
						CreatedOnToolsVersion = 11.3.1;
					};
				};
			};
			buildConfigurationList = AC0D6110241652F000DFE069 /* Build configuration list for PBXProject "HookahManager" */;
			compatibilityVersion = "Xcode 9.3";
			developmentRegion = en;
			hasScannedForEncodings = 0;
			knownRegions = (
				en,
				ru,
			);
			mainGroup = AC0D610C241652F000DFE069;
			productRefGroup = AC0D6116241652F000DFE069 /* Products */;
			projectDirPath = "";
			projectRoot = "";
			targets = (
				AC0D6114241652F000DFE069 /* HookahManager */,
			);
		};
/* End PBXProject section */

/* Begin PBXResourcesBuildPhase section */
		AC0D6113241652F000DFE069 /* Resources */ = {
			isa = PBXResourcesBuildPhase;
			buildActionMask = 2147483647;
			files = (
				AC0D6130241654F900DFE069 /* Main.storyboard in Resources */,
				AC0D6125241652F200DFE069 /* LaunchScreen.storyboard in Resources */,
				AC0D6122241652F200DFE069 /* Assets.xcassets in Resources */,
				AC0D61342416553400DFE069 /* OrdersList.storyboard in Resources */,
			);
			runOnlyForDeploymentPostprocessing = 0;
		};
/* End PBXResourcesBuildPhase section */

/* Begin PBXSourcesBuildPhase section */
		AC0D6111241652F000DFE069 /* Sources */ = {
			isa = PBXSourcesBuildPhase;
			buildActionMask = 2147483647;
			files = (
				AC0D614024167E5900DFE069 /* IntExtensions.swift in Sources */,
				AC0D613D2416789500DFE069 /* Order.swift in Sources */,
				AC0D6119241652F000DFE069 /* AppDelegate.swift in Sources */,
				AC0D613A2416780A00DFE069 /* OrdersListTableview.swift in Sources */,
				AC0D611B241652F000DFE069 /* SceneDelegate.swift in Sources */,
				AC0D61362416554700DFE069 /* OrdersListVC.swift in Sources */,
				AC0D6138241677E400DFE069 /* OrdersListOrderCell.swift in Sources */,
			);
			runOnlyForDeploymentPostprocessing = 0;
		};
/* End PBXSourcesBuildPhase section */

/* Begin PBXVariantGroup section */
		AC0D6123241652F200DFE069 /* LaunchScreen.storyboard */ = {
			isa = PBXVariantGroup;
			children = (
				AC0D61412416886600DFE069 /* ru */,
				AC0D61422416887600DFE069 /* ru */,
			);
			name = LaunchScreen.storyboard;
			sourceTree = "<group>";
		};
/* End PBXVariantGroup section */

/* Begin XCBuildConfiguration section */
		AC0D6127241652F200DFE069 /* Debug */ = {
			isa = XCBuildConfiguration;
			buildSettings = {
				ALWAYS_SEARCH_USER_PATHS = NO;
				CLANG_ANALYZER_LOCALIZABILITY_NONLOCALIZED = YES;
				CLANG_ANALYZER_NONNULL = YES;
				CLANG_ANALYZER_NUMBER_OBJECT_CONVERSION = YES_AGGRESSIVE;
				CLANG_CXX_LANGUAGE_STANDARD = "gnu++14";
				CLANG_CXX_LIBRARY = "libc++";
				CLANG_ENABLE_MODULES = YES;
				CLANG_ENABLE_OBJC_ARC = YES;
				CLANG_ENABLE_OBJC_WEAK = YES;
				CLANG_WARN_BLOCK_CAPTURE_AUTORELEASING = YES;
				CLANG_WARN_BOOL_CONVERSION = YES;
				CLANG_WARN_COMMA = YES;
				CLANG_WARN_CONSTANT_CONVERSION = YES;
				CLANG_WARN_DEPRECATED_OBJC_IMPLEMENTATIONS = YES;
				CLANG_WARN_DIRECT_OBJC_ISA_USAGE = YES_ERROR;
				CLANG_WARN_DOCUMENTATION_COMMENTS = YES;
				CLANG_WARN_EMPTY_BODY = YES;
				CLANG_WARN_ENUM_CONVERSION = YES;
				CLANG_WARN_INFINITE_RECURSION = YES;
				CLANG_WARN_INT_CONVERSION = YES;
				CLANG_WARN_NON_LITERAL_NULL_CONVERSION = YES;
				CLANG_WARN_OBJC_IMPLICIT_RETAIN_SELF = YES;
				CLANG_WARN_OBJC_LITERAL_CONVERSION = YES;
				CLANG_WARN_OBJC_ROOT_CLASS = YES_ERROR;
				CLANG_WARN_RANGE_LOOP_ANALYSIS = YES;
				CLANG_WARN_STRICT_PROTOTYPES = YES;
				CLANG_WARN_SUSPICIOUS_MOVE = YES;
				CLANG_WARN_UNGUARDED_AVAILABILITY = YES_AGGRESSIVE;
				CLANG_WARN_UNREACHABLE_CODE = YES;
				CLANG_WARN__DUPLICATE_METHOD_MATCH = YES;
				COPY_PHASE_STRIP = NO;
				DEBUG_INFORMATION_FORMAT = dwarf;
				ENABLE_STRICT_OBJC_MSGSEND = YES;
				ENABLE_TESTABILITY = YES;
				GCC_C_LANGUAGE_STANDARD = gnu11;
				GCC_DYNAMIC_NO_PIC = NO;
				GCC_NO_COMMON_BLOCKS = YES;
				GCC_OPTIMIZATION_LEVEL = 0;
				GCC_PREPROCESSOR_DEFINITIONS = (
					"DEBUG=1",
					"$(inherited)",
				);
				GCC_WARN_64_TO_32_BIT_CONVERSION = YES;
				GCC_WARN_ABOUT_RETURN_TYPE = YES_ERROR;
				GCC_WARN_UNDECLARED_SELECTOR = YES;
				GCC_WARN_UNINITIALIZED_AUTOS = YES_AGGRESSIVE;
				GCC_WARN_UNUSED_FUNCTION = YES;
				GCC_WARN_UNUSED_VARIABLE = YES;
				IPHONEOS_DEPLOYMENT_TARGET = 13.2;
				MTL_ENABLE_DEBUG_INFO = INCLUDE_SOURCE;
				MTL_FAST_MATH = YES;
				ONLY_ACTIVE_ARCH = YES;
				SDKROOT = iphoneos;
				SWIFT_ACTIVE_COMPILATION_CONDITIONS = DEBUG;
				SWIFT_OPTIMIZATION_LEVEL = "-Onone";
			};
			name = Debug;
		};
		AC0D6128241652F200DFE069 /* Release */ = {
			isa = XCBuildConfiguration;
			buildSettings = {
				ALWAYS_SEARCH_USER_PATHS = NO;
				CLANG_ANALYZER_LOCALIZABILITY_NONLOCALIZED = YES;
				CLANG_ANALYZER_NONNULL = YES;
				CLANG_ANALYZER_NUMBER_OBJECT_CONVERSION = YES_AGGRESSIVE;
				CLANG_CXX_LANGUAGE_STANDARD = "gnu++14";
				CLANG_CXX_LIBRARY = "libc++";
				CLANG_ENABLE_MODULES = YES;
				CLANG_ENABLE_OBJC_ARC = YES;
				CLANG_ENABLE_OBJC_WEAK = YES;
				CLANG_WARN_BLOCK_CAPTURE_AUTORELEASING = YES;
				CLANG_WARN_BOOL_CONVERSION = YES;
				CLANG_WARN_COMMA = YES;
				CLANG_WARN_CONSTANT_CONVERSION = YES;
				CLANG_WARN_DEPRECATED_OBJC_IMPLEMENTATIONS = YES;
				CLANG_WARN_DIRECT_OBJC_ISA_USAGE = YES_ERROR;
				CLANG_WARN_DOCUMENTATION_COMMENTS = YES;
				CLANG_WARN_EMPTY_BODY = YES;
				CLANG_WARN_ENUM_CONVERSION = YES;
				CLANG_WARN_INFINITE_RECURSION = YES;
				CLANG_WARN_INT_CONVERSION = YES;
				CLANG_WARN_NON_LITERAL_NULL_CONVERSION = YES;
				CLANG_WARN_OBJC_IMPLICIT_RETAIN_SELF = YES;
				CLANG_WARN_OBJC_LITERAL_CONVERSION = YES;
				CLANG_WARN_OBJC_ROOT_CLASS = YES_ERROR;
				CLANG_WARN_RANGE_LOOP_ANALYSIS = YES;
				CLANG_WARN_STRICT_PROTOTYPES = YES;
				CLANG_WARN_SUSPICIOUS_MOVE = YES;
				CLANG_WARN_UNGUARDED_AVAILABILITY = YES_AGGRESSIVE;
				CLANG_WARN_UNREACHABLE_CODE = YES;
				CLANG_WARN__DUPLICATE_METHOD_MATCH = YES;
				COPY_PHASE_STRIP = NO;
				DEBUG_INFORMATION_FORMAT = "dwarf-with-dsym";
				ENABLE_NS_ASSERTIONS = NO;
				ENABLE_STRICT_OBJC_MSGSEND = YES;
				GCC_C_LANGUAGE_STANDARD = gnu11;
				GCC_NO_COMMON_BLOCKS = YES;
				GCC_WARN_64_TO_32_BIT_CONVERSION = YES;
				GCC_WARN_ABOUT_RETURN_TYPE = YES_ERROR;
				GCC_WARN_UNDECLARED_SELECTOR = YES;
				GCC_WARN_UNINITIALIZED_AUTOS = YES_AGGRESSIVE;
				GCC_WARN_UNUSED_FUNCTION = YES;
				GCC_WARN_UNUSED_VARIABLE = YES;
				IPHONEOS_DEPLOYMENT_TARGET = 13.2;
				MTL_ENABLE_DEBUG_INFO = NO;
				MTL_FAST_MATH = YES;
				SDKROOT = iphoneos;
				SWIFT_COMPILATION_MODE = wholemodule;
				SWIFT_OPTIMIZATION_LEVEL = "-O";
				VALIDATE_PRODUCT = YES;
			};
			name = Release;
		};
		AC0D612A241652F200DFE069 /* Debug */ = {
			isa = XCBuildConfiguration;
			buildSettings = {
				ASSETCATALOG_COMPILER_APPICON_NAME = AppIcon;
				CODE_SIGN_STYLE = Automatic;
				DEVELOPMENT_TEAM = 89WB9E7UEU;
				INFOPLIST_FILE = HookahManager/Info.plist;
				LD_RUNPATH_SEARCH_PATHS = (
					"$(inherited)",
					"@executable_path/Frameworks",
				);
				PRODUCT_BUNDLE_IDENTIFIER = com.bitsoev.HookahManager;
				PRODUCT_NAME = "$(TARGET_NAME)";
				SWIFT_VERSION = 5.0;
				TARGETED_DEVICE_FAMILY = 1;
			};
			name = Debug;
		};
		AC0D612B241652F200DFE069 /* Release */ = {
			isa = XCBuildConfiguration;
			buildSettings = {
				ASSETCATALOG_COMPILER_APPICON_NAME = AppIcon;
				CODE_SIGN_STYLE = Automatic;
				DEVELOPMENT_TEAM = 89WB9E7UEU;
				INFOPLIST_FILE = HookahManager/Info.plist;
				LD_RUNPATH_SEARCH_PATHS = (
					"$(inherited)",
					"@executable_path/Frameworks",
				);
				PRODUCT_BUNDLE_IDENTIFIER = com.bitsoev.HookahManager;
				PRODUCT_NAME = "$(TARGET_NAME)";
				SWIFT_VERSION = 5.0;
				TARGETED_DEVICE_FAMILY = 1;
			};
			name = Release;
		};
/* End XCBuildConfiguration section */

/* Begin XCConfigurationList section */
		AC0D6110241652F000DFE069 /* Build configuration list for PBXProject "HookahManager" */ = {
			isa = XCConfigurationList;
			buildConfigurations = (
				AC0D6127241652F200DFE069 /* Debug */,
				AC0D6128241652F200DFE069 /* Release */,
			);
			defaultConfigurationIsVisible = 0;
			defaultConfigurationName = Release;
		};
		AC0D6129241652F200DFE069 /* Build configuration list for PBXNativeTarget "HookahManager" */ = {
			isa = XCConfigurationList;
			buildConfigurations = (
				AC0D612A241652F200DFE069 /* Debug */,
				AC0D612B241652F200DFE069 /* Release */,
			);
			defaultConfigurationIsVisible = 0;
			defaultConfigurationName = Release;
		};
/* End XCConfigurationList section */
	};
	rootObject = AC0D610D241652F000DFE069 /* Project object */;
}
